// !$*UTF8*$!
{
	archiveVersion = 1;
	classes = {
	};
	objectVersion = 52;
	objects = {

/* Begin PBXBuildFile section */
		5F3592082627507D002453EE /* Alertable.swift in Sources */ = {isa = PBXBuildFile; fileRef = 5F3592072627507D002453EE /* Alertable.swift */; };
		5F35920B26275144002453EE /* UIAlertController+Extensions.swift in Sources */ = {isa = PBXBuildFile; fileRef = 5F35920A26275144002453EE /* UIAlertController+Extensions.swift */; };
		5F35920E26275545002453EE /* ConfirmedCaseDay.swift in Sources */ = {isa = PBXBuildFile; fileRef = 5F35920D26275545002453EE /* ConfirmedCaseDay.swift */; };
		5F35921126275611002453EE /* DateDormater+Ext.swift in Sources */ = {isa = PBXBuildFile; fileRef = 5F35921026275611002453EE /* DateDormater+Ext.swift */; };
		5F359214262765BE002453EE /* Date.swift in Sources */ = {isa = PBXBuildFile; fileRef = 5F359213262765BE002453EE /* Date.swift */; };
		5F481B762625FAB10040F58D /* GlobalResponse.swift in Sources */ = {isa = PBXBuildFile; fileRef = 5F481B752625FAB10040F58D /* GlobalResponse.swift */; };
		5F481B79262603E50040F58D /* Int64+Extensions.swift in Sources */ = {isa = PBXBuildFile; fileRef = 5F481B78262603E50040F58D /* Int64+Extensions.swift */; };
		5F481B7D2626129F0040F58D /* CountryCollectionCell.swift in Sources */ = {isa = PBXBuildFile; fileRef = 5F481B7C2626129F0040F58D /* CountryCollectionCell.swift */; };
		5F5000132620B4D2006333ED /* CountryTableViewCell.swift in Sources */ = {isa = PBXBuildFile; fileRef = 5F5000122620B4D2006333ED /* CountryTableViewCell.swift */; };
		5F50001A2620C962006333ED /* JGProgressHUD in Frameworks */ = {isa = PBXBuildFile; productRef = 5F5000192620C962006333ED /* JGProgressHUD */; };
		5F50001E2620CA2D006333ED /* DisplayHudProtocol.swift in Sources */ = {isa = PBXBuildFile; fileRef = 5F50001D2620CA2D006333ED /* DisplayHudProtocol.swift */; };
		5F76F134261F7F4E00E8631D /* AppDelegate.swift in Sources */ = {isa = PBXBuildFile; fileRef = 5F76F133261F7F4E00E8631D /* AppDelegate.swift */; };
		5F76F136261F7F4E00E8631D /* SceneDelegate.swift in Sources */ = {isa = PBXBuildFile; fileRef = 5F76F135261F7F4E00E8631D /* SceneDelegate.swift */; };
		5F76F13B261F7F4E00E8631D /* Main.storyboard in Resources */ = {isa = PBXBuildFile; fileRef = 5F76F139261F7F4E00E8631D /* Main.storyboard */; };
		5F76F13D261F7F5000E8631D /* Assets.xcassets in Resources */ = {isa = PBXBuildFile; fileRef = 5F76F13C261F7F5000E8631D /* Assets.xcassets */; };
		5F76F140261F7F5000E8631D /* LaunchScreen.storyboard in Resources */ = {isa = PBXBuildFile; fileRef = 5F76F13E261F7F5000E8631D /* LaunchScreen.storyboard */; };
		5F76F14C261F823200E8631D /* Alamofire in Frameworks */ = {isa = PBXBuildFile; productRef = 5F76F14B261F823200E8631D /* Alamofire */; };
		5F76F150261F826000E8631D /* SnapKit in Frameworks */ = {isa = PBXBuildFile; productRef = 5F76F14F261F826000E8631D /* SnapKit */; };
		5F76F154261F839000E8631D /* HomeViewController.swift in Sources */ = {isa = PBXBuildFile; fileRef = 5F76F153261F839000E8631D /* HomeViewController.swift */; };
		5F76F15A261F857000E8631D /* CountryPickerViewController.swift in Sources */ = {isa = PBXBuildFile; fileRef = 5F76F159261F857000E8631D /* CountryPickerViewController.swift */; };
		5F76F15D261F863B00E8631D /* NavigationView.swift in Sources */ = {isa = PBXBuildFile; fileRef = 5F76F15C261F863B00E8631D /* NavigationView.swift */; };
		5F76F17E261F92D800E8631D /* UIColor.swift in Sources */ = {isa = PBXBuildFile; fileRef = 5F76F17D261F92D800E8631D /* UIColor.swift */; };
		5F76F186261F982300E8631D /* APIManager.swift in Sources */ = {isa = PBXBuildFile; fileRef = 5F76F185261F982300E8631D /* APIManager.swift */; };
		5F76F18A261F984300E8631D /* Country.swift in Sources */ = {isa = PBXBuildFile; fileRef = 5F76F189261F984300E8631D /* Country.swift */; };
/* End PBXBuildFile section */

/* Begin PBXFileReference section */
		5F3592072627507D002453EE /* Alertable.swift */ = {isa = PBXFileReference; lastKnownFileType = sourcecode.swift; path = Alertable.swift; sourceTree = "<group>"; };
		5F35920A26275144002453EE /* UIAlertController+Extensions.swift */ = {isa = PBXFileReference; fileEncoding = 4; lastKnownFileType = sourcecode.swift; path = "UIAlertController+Extensions.swift"; sourceTree = "<group>"; };
		5F35920D26275545002453EE /* ConfirmedCaseDay.swift */ = {isa = PBXFileReference; lastKnownFileType = sourcecode.swift; path = ConfirmedCaseDay.swift; sourceTree = "<group>"; };
		5F35921026275611002453EE /* DateDormater+Ext.swift */ = {isa = PBXFileReference; lastKnownFileType = sourcecode.swift; path = "DateDormater+Ext.swift"; sourceTree = "<group>"; };
		5F359213262765BE002453EE /* Date.swift */ = {isa = PBXFileReference; fileEncoding = 4; lastKnownFileType = sourcecode.swift; path = Date.swift; sourceTree = "<group>"; };
		5F481B752625FAB10040F58D /* GlobalResponse.swift */ = {isa = PBXFileReference; lastKnownFileType = sourcecode.swift; path = GlobalResponse.swift; sourceTree = "<group>"; };
		5F481B78262603E50040F58D /* Int64+Extensions.swift */ = {isa = PBXFileReference; lastKnownFileType = sourcecode.swift; path = "Int64+Extensions.swift"; sourceTree = "<group>"; };
		5F481B7C2626129F0040F58D /* CountryCollectionCell.swift */ = {isa = PBXFileReference; lastKnownFileType = sourcecode.swift; path = CountryCollectionCell.swift; sourceTree = "<group>"; };
		5F5000122620B4D2006333ED /* CountryTableViewCell.swift */ = {isa = PBXFileReference; lastKnownFileType = sourcecode.swift; path = CountryTableViewCell.swift; sourceTree = "<group>"; };
		5F50001D2620CA2D006333ED /* DisplayHudProtocol.swift */ = {isa = PBXFileReference; lastKnownFileType = sourcecode.swift; path = DisplayHudProtocol.swift; sourceTree = "<group>"; };
		5F76F130261F7F4E00E8631D /* Covid Tracker.app */ = {isa = PBXFileReference; explicitFileType = wrapper.application; includeInIndex = 0; path = "Covid Tracker.app"; sourceTree = BUILT_PRODUCTS_DIR; };
		5F76F133261F7F4E00E8631D /* AppDelegate.swift */ = {isa = PBXFileReference; lastKnownFileType = sourcecode.swift; path = AppDelegate.swift; sourceTree = "<group>"; };
		5F76F135261F7F4E00E8631D /* SceneDelegate.swift */ = {isa = PBXFileReference; lastKnownFileType = sourcecode.swift; path = SceneDelegate.swift; sourceTree = "<group>"; };
		5F76F13A261F7F4E00E8631D /* Base */ = {isa = PBXFileReference; lastKnownFileType = file.storyboard; name = Base; path = Base.lproj/Main.storyboard; sourceTree = "<group>"; };
		5F76F13C261F7F5000E8631D /* Assets.xcassets */ = {isa = PBXFileReference; lastKnownFileType = folder.assetcatalog; path = Assets.xcassets; sourceTree = "<group>"; };
		5F76F13F261F7F5000E8631D /* Base */ = {isa = PBXFileReference; lastKnownFileType = file.storyboard; name = Base; path = Base.lproj/LaunchScreen.storyboard; sourceTree = "<group>"; };
		5F76F141261F7F5000E8631D /* Info.plist */ = {isa = PBXFileReference; lastKnownFileType = text.plist.xml; path = Info.plist; sourceTree = "<group>"; };
		5F76F153261F839000E8631D /* HomeViewController.swift */ = {isa = PBXFileReference; lastKnownFileType = sourcecode.swift; path = HomeViewController.swift; sourceTree = "<group>"; };
		5F76F159261F857000E8631D /* CountryPickerViewController.swift */ = {isa = PBXFileReference; lastKnownFileType = sourcecode.swift; path = CountryPickerViewController.swift; sourceTree = "<group>"; };
		5F76F15C261F863B00E8631D /* NavigationView.swift */ = {isa = PBXFileReference; lastKnownFileType = sourcecode.swift; path = NavigationView.swift; sourceTree = "<group>"; };
		5F76F17D261F92D800E8631D /* UIColor.swift */ = {isa = PBXFileReference; fileEncoding = 4; lastKnownFileType = sourcecode.swift; path = UIColor.swift; sourceTree = "<group>"; };
		5F76F185261F982300E8631D /* APIManager.swift */ = {isa = PBXFileReference; lastKnownFileType = sourcecode.swift; path = APIManager.swift; sourceTree = "<group>"; };
		5F76F189261F984300E8631D /* Country.swift */ = {isa = PBXFileReference; lastKnownFileType = sourcecode.swift; path = Country.swift; sourceTree = "<group>"; };
/* End PBXFileReference section */

/* Begin PBXFrameworksBuildPhase section */
		5F76F12D261F7F4E00E8631D /* Frameworks */ = {
			isa = PBXFrameworksBuildPhase;
			buildActionMask = 2147483647;
			files = (
				5F76F14C261F823200E8631D /* Alamofire in Frameworks */,
				5F50001A2620C962006333ED /* JGProgressHUD in Frameworks */,
				5F76F150261F826000E8631D /* SnapKit in Frameworks */,
			);
			runOnlyForDeploymentPostprocessing = 0;
		};
/* End PBXFrameworksBuildPhase section */

/* Begin PBXGroup section */
		5F481B7B262612730040F58D /* CollectionCells */ = {
			isa = PBXGroup;
			children = (
				5F481B7C2626129F0040F58D /* CountryCollectionCell.swift */,
			);
			path = CollectionCells;
			sourceTree = "<group>";
		};
		5F5000152620B4E1006333ED /* TableCells */ = {
			isa = PBXGroup;
			children = (
				5F5000122620B4D2006333ED /* CountryTableViewCell.swift */,
			);
			path = TableCells;
			sourceTree = "<group>";
		};
		5F50001C2620C9D4006333ED /* Protocols */ = {
			isa = PBXGroup;
			children = (
				5F50001D2620CA2D006333ED /* DisplayHudProtocol.swift */,
				5F3592072627507D002453EE /* Alertable.swift */,
			);
			path = Protocols;
			sourceTree = "<group>";
		};
		5F76F127261F7F4E00E8631D = {
			isa = PBXGroup;
			children = (
				5F76F132261F7F4E00E8631D /* Covid Tracker */,
				5F76F131261F7F4E00E8631D /* Products */,
			);
			sourceTree = "<group>";
		};
		5F76F131261F7F4E00E8631D /* Products */ = {
			isa = PBXGroup;
			children = (
				5F76F130261F7F4E00E8631D /* Covid Tracker.app */,
			);
			name = Products;
			sourceTree = "<group>";
		};
		5F76F132261F7F4E00E8631D /* Covid Tracker */ = {
			isa = PBXGroup;
			children = (
				5F481B7B262612730040F58D /* CollectionCells */,
				5F50001C2620C9D4006333ED /* Protocols */,
				5F5000152620B4E1006333ED /* TableCells */,
				5F76F17C261F92C400E8631D /* Extensions */,
				5F76F183261F973B00E8631D /* API */,
				5F76F15F261F864500E8631D /* Views */,
				5F76F156261F83A600E8631D /* Controllers */,
				5F76F135261F7F4E00E8631D /* SceneDelegate.swift */,
				5F76F13C261F7F5000E8631D /* Assets.xcassets */,
				5F76F13E261F7F5000E8631D /* LaunchScreen.storyboard */,
				5F76F141261F7F5000E8631D /* Info.plist */,
			);
			path = "Covid Tracker";
			sourceTree = "<group>";
		};
		5F76F156261F83A600E8631D /* Controllers */ = {
			isa = PBXGroup;
			children = (
				5F76F153261F839000E8631D /* HomeViewController.swift */,
				5F76F159261F857000E8631D /* CountryPickerViewController.swift */,
			);
			path = Controllers;
			sourceTree = "<group>";
		};
		5F76F15F261F864500E8631D /* Views */ = {
			isa = PBXGroup;
			children = (
				5F76F133261F7F4E00E8631D /* AppDelegate.swift */,
				5F76F15C261F863B00E8631D /* NavigationView.swift */,
				5F76F139261F7F4E00E8631D /* Main.storyboard */,
			);
			path = Views;
			sourceTree = "<group>";
		};
		5F76F17C261F92C400E8631D /* Extensions */ = {
			isa = PBXGroup;
			children = (
				5F359213262765BE002453EE /* Date.swift */,
				5F76F17D261F92D800E8631D /* UIColor.swift */,
				5F481B78262603E50040F58D /* Int64+Extensions.swift */,
				5F35920A26275144002453EE /* UIAlertController+Extensions.swift */,
				5F35921026275611002453EE /* DateDormater+Ext.swift */,
			);
			path = Extensions;
			sourceTree = "<group>";
		};
		5F76F183261F973B00E8631D /* API */ = {
			isa = PBXGroup;
			children = (
				5F76F184261F974700E8631D /* Models */,
				5F76F185261F982300E8631D /* APIManager.swift */,
			);
			path = API;
			sourceTree = "<group>";
		};
		5F76F184261F974700E8631D /* Models */ = {
			isa = PBXGroup;
			children = (
				5F76F189261F984300E8631D /* Country.swift */,
				5F481B752625FAB10040F58D /* GlobalResponse.swift */,
				5F35920D26275545002453EE /* ConfirmedCaseDay.swift */,
			);
			path = Models;
			sourceTree = "<group>";
		};
/* End PBXGroup section */

/* Begin PBXNativeTarget section */
		5F76F12F261F7F4E00E8631D /* Covid Tracker */ = {
			isa = PBXNativeTarget;
			buildConfigurationList = 5F76F144261F7F5000E8631D /* Build configuration list for PBXNativeTarget "Covid Tracker" */;
			buildPhases = (
				5F76F12C261F7F4E00E8631D /* Sources */,
				5F76F12D261F7F4E00E8631D /* Frameworks */,
				5F76F12E261F7F4E00E8631D /* Resources */,
			);
			buildRules = (
			);
			dependencies = (
			);
			name = "Covid Tracker";
			packageProductDependencies = (
				5F76F14B261F823200E8631D /* Alamofire */,
				5F76F14F261F826000E8631D /* SnapKit */,
				5F5000192620C962006333ED /* JGProgressHUD */,
			);
			productName = "Covid Tracker";
			productReference = 5F76F130261F7F4E00E8631D /* Covid Tracker.app */;
			productType = "com.apple.product-type.application";
		};
/* End PBXNativeTarget section */

/* Begin PBXProject section */
		5F76F128261F7F4E00E8631D /* Project object */ = {
			isa = PBXProject;
			attributes = {
				LastSwiftUpdateCheck = 1230;
				LastUpgradeCheck = 1230;
				TargetAttributes = {
					5F76F12F261F7F4E00E8631D = {
						CreatedOnToolsVersion = 12.3;
					};
				};
			};
			buildConfigurationList = 5F76F12B261F7F4E00E8631D /* Build configuration list for PBXProject "Covid Tracker" */;
			compatibilityVersion = "Xcode 9.3";
			developmentRegion = en;
			hasScannedForEncodings = 0;
			knownRegions = (
				en,
				Base,
			);
			mainGroup = 5F76F127261F7F4E00E8631D;
			packageReferences = (
				5F76F14A261F823200E8631D /* XCRemoteSwiftPackageReference "Alamofire" */,
				5F76F14E261F826000E8631D /* XCRemoteSwiftPackageReference "SnapKit" */,
				5F5000182620C962006333ED /* XCRemoteSwiftPackageReference "JGProgressHUD" */,
			);
			productRefGroup = 5F76F131261F7F4E00E8631D /* Products */;
			projectDirPath = "";
			projectRoot = "";
			targets = (
				5F76F12F261F7F4E00E8631D /* Covid Tracker */,
			);
		};
/* End PBXProject section */

/* Begin PBXResourcesBuildPhase section */
		5F76F12E261F7F4E00E8631D /* Resources */ = {
			isa = PBXResourcesBuildPhase;
			buildActionMask = 2147483647;
			files = (
				5F76F140261F7F5000E8631D /* LaunchScreen.storyboard in Resources */,
				5F76F13D261F7F5000E8631D /* Assets.xcassets in Resources */,
				5F76F13B261F7F4E00E8631D /* Main.storyboard in Resources */,
			);
			runOnlyForDeploymentPostprocessing = 0;
		};
/* End PBXResourcesBuildPhase section */

/* Begin PBXSourcesBuildPhase section */
		5F76F12C261F7F4E00E8631D /* Sources */ = {
			isa = PBXSourcesBuildPhase;
			buildActionMask = 2147483647;
			files = (
				5F481B762625FAB10040F58D /* GlobalResponse.swift in Sources */,
				5F35921126275611002453EE /* DateDormater+Ext.swift in Sources */,
				5F5000132620B4D2006333ED /* CountryTableViewCell.swift in Sources */,
				5F35920E26275545002453EE /* ConfirmedCaseDay.swift in Sources */,
				5F76F134261F7F4E00E8631D /* AppDelegate.swift in Sources */,
				5F481B7D2626129F0040F58D /* CountryCollectionCell.swift in Sources */,
				5F76F17E261F92D800E8631D /* UIColor.swift in Sources */,
				5F359214262765BE002453EE /* Date.swift in Sources */,
				5F76F136261F7F4E00E8631D /* SceneDelegate.swift in Sources */,
				5F481B79262603E50040F58D /* Int64+Extensions.swift in Sources */,
				5F76F15D261F863B00E8631D /* NavigationView.swift in Sources */,
				5F3592082627507D002453EE /* Alertable.swift in Sources */,
				5F50001E2620CA2D006333ED /* DisplayHudProtocol.swift in Sources */,
				5F35920B26275144002453EE /* UIAlertController+Extensions.swift in Sources */,
				5F76F18A261F984300E8631D /* Country.swift in Sources */,
				5F76F154261F839000E8631D /* HomeViewController.swift in Sources */,
				5F76F15A261F857000E8631D /* CountryPickerViewController.swift in Sources */,
				5F76F186261F982300E8631D /* APIManager.swift in Sources */,
			);
			runOnlyForDeploymentPostprocessing = 0;
		};
/* End PBXSourcesBuildPhase section */

/* Begin PBXVariantGroup section */
		5F76F139261F7F4E00E8631D /* Main.storyboard */ = {
			isa = PBXVariantGroup;
			children = (
				5F76F13A261F7F4E00E8631D /* Base */,
			);
			name = Main.storyboard;
			sourceTree = "<group>";
		};
		5F76F13E261F7F5000E8631D /* LaunchScreen.storyboard */ = {
			isa = PBXVariantGroup;
			children = (
				5F76F13F261F7F5000E8631D /* Base */,
			);
			name = LaunchScreen.storyboard;
			sourceTree = "<group>";
		};
/* End PBXVariantGroup section */

/* Begin XCBuildConfiguration section */
		5F76F142261F7F5000E8631D /* Debug */ = {
			isa = XCBuildConfiguration;
			buildSettings = {
				ALWAYS_SEARCH_USER_PATHS = NO;
				CLANG_ANALYZER_NONNULL = YES;
				CLANG_ANALYZER_NUMBER_OBJECT_CONVERSION = YES_AGGRESSIVE;
				CLANG_CXX_LANGUAGE_STANDARD = "gnu++14";
				CLANG_CXX_LIBRARY = "libc++";
				CLANG_ENABLE_MODULES = YES;
				CLANG_ENABLE_OBJC_ARC = YES;
				CLANG_ENABLE_OBJC_WEAK = YES;
				CLANG_WARN_BLOCK_CAPTURE_AUTORELEASING = YES;
				CLANG_WARN_BOOL_CONVERSION = YES;
				CLANG_WARN_COMMA = YES;
				CLANG_WARN_CONSTANT_CONVERSION = YES;
				CLANG_WARN_DEPRECATED_OBJC_IMPLEMENTATIONS = YES;
				CLANG_WARN_DIRECT_OBJC_ISA_USAGE = YES_ERROR;
				CLANG_WARN_DOCUMENTATION_COMMENTS = YES;
				CLANG_WARN_EMPTY_BODY = YES;
				CLANG_WARN_ENUM_CONVERSION = YES;
				CLANG_WARN_INFINITE_RECURSION = YES;
				CLANG_WARN_INT_CONVERSION = YES;
				CLANG_WARN_NON_LITERAL_NULL_CONVERSION = YES;
				CLANG_WARN_OBJC_IMPLICIT_RETAIN_SELF = YES;
				CLANG_WARN_OBJC_LITERAL_CONVERSION = YES;
				CLANG_WARN_OBJC_ROOT_CLASS = YES_ERROR;
				CLANG_WARN_QUOTED_INCLUDE_IN_FRAMEWORK_HEADER = YES;
				CLANG_WARN_RANGE_LOOP_ANALYSIS = YES;
				CLANG_WARN_STRICT_PROTOTYPES = YES;
				CLANG_WARN_SUSPICIOUS_MOVE = YES;
				CLANG_WARN_UNGUARDED_AVAILABILITY = YES_AGGRESSIVE;
				CLANG_WARN_UNREACHABLE_CODE = YES;
				CLANG_WARN__DUPLICATE_METHOD_MATCH = YES;
				COPY_PHASE_STRIP = NO;
				DEBUG_INFORMATION_FORMAT = dwarf;
				ENABLE_STRICT_OBJC_MSGSEND = YES;
				ENABLE_TESTABILITY = YES;
				GCC_C_LANGUAGE_STANDARD = gnu11;
				GCC_DYNAMIC_NO_PIC = NO;
				GCC_NO_COMMON_BLOCKS = YES;
				GCC_OPTIMIZATION_LEVEL = 0;
				GCC_PREPROCESSOR_DEFINITIONS = (
					"DEBUG=1",
					"$(inherited)",
				);
				GCC_WARN_64_TO_32_BIT_CONVERSION = YES;
				GCC_WARN_ABOUT_RETURN_TYPE = YES_ERROR;
				GCC_WARN_UNDECLARED_SELECTOR = YES;
				GCC_WARN_UNINITIALIZED_AUTOS = YES_AGGRESSIVE;
				GCC_WARN_UNUSED_FUNCTION = YES;
				GCC_WARN_UNUSED_VARIABLE = YES;
				IPHONEOS_DEPLOYMENT_TARGET = 14.3;
				MTL_ENABLE_DEBUG_INFO = INCLUDE_SOURCE;
				MTL_FAST_MATH = YES;
				ONLY_ACTIVE_ARCH = YES;
				SDKROOT = iphoneos;
				SWIFT_ACTIVE_COMPILATION_CONDITIONS = DEBUG;
				SWIFT_OPTIMIZATION_LEVEL = "-Onone";
			};
			name = Debug;
		};
		5F76F143261F7F5000E8631D /* Release */ = {
			isa = XCBuildConfiguration;
			buildSettings = {
				ALWAYS_SEARCH_USER_PATHS = NO;
				CLANG_ANALYZER_NONNULL = YES;
				CLANG_ANALYZER_NUMBER_OBJECT_CONVERSION = YES_AGGRESSIVE;
				CLANG_CXX_LANGUAGE_STANDARD = "gnu++14";
				CLANG_CXX_LIBRARY = "libc++";
				CLANG_ENABLE_MODULES = YES;
				CLANG_ENABLE_OBJC_ARC = YES;
				CLANG_ENABLE_OBJC_WEAK = YES;
				CLANG_WARN_BLOCK_CAPTURE_AUTORELEASING = YES;
				CLANG_WARN_BOOL_CONVERSION = YES;
				CLANG_WARN_COMMA = YES;
				CLANG_WARN_CONSTANT_CONVERSION = YES;
				CLANG_WARN_DEPRECATED_OBJC_IMPLEMENTATIONS = YES;
				CLANG_WARN_DIRECT_OBJC_ISA_USAGE = YES_ERROR;
				CLANG_WARN_DOCUMENTATION_COMMENTS = YES;
				CLANG_WARN_EMPTY_BODY = YES;
				CLANG_WARN_ENUM_CONVERSION = YES;
				CLANG_WARN_INFINITE_RECURSION = YES;
				CLANG_WARN_INT_CONVERSION = YES;
				CLANG_WARN_NON_LITERAL_NULL_CONVERSION = YES;
				CLANG_WARN_OBJC_IMPLICIT_RETAIN_SELF = YES;
				CLANG_WARN_OBJC_LITERAL_CONVERSION = YES;
				CLANG_WARN_OBJC_ROOT_CLASS = YES_ERROR;
				CLANG_WARN_QUOTED_INCLUDE_IN_FRAMEWORK_HEADER = YES;
				CLANG_WARN_RANGE_LOOP_ANALYSIS = YES;
				CLANG_WARN_STRICT_PROTOTYPES = YES;
				CLANG_WARN_SUSPICIOUS_MOVE = YES;
				CLANG_WARN_UNGUARDED_AVAILABILITY = YES_AGGRESSIVE;
				CLANG_WARN_UNREACHABLE_CODE = YES;
				CLANG_WARN__DUPLICATE_METHOD_MATCH = YES;
				COPY_PHASE_STRIP = NO;
				DEBUG_INFORMATION_FORMAT = "dwarf-with-dsym";
				ENABLE_NS_ASSERTIONS = NO;
				ENABLE_STRICT_OBJC_MSGSEND = YES;
				GCC_C_LANGUAGE_STANDARD = gnu11;
				GCC_NO_COMMON_BLOCKS = YES;
				GCC_WARN_64_TO_32_BIT_CONVERSION = YES;
				GCC_WARN_ABOUT_RETURN_TYPE = YES_ERROR;
				GCC_WARN_UNDECLARED_SELECTOR = YES;
				GCC_WARN_UNINITIALIZED_AUTOS = YES_AGGRESSIVE;
				GCC_WARN_UNUSED_FUNCTION = YES;
				GCC_WARN_UNUSED_VARIABLE = YES;
				IPHONEOS_DEPLOYMENT_TARGET = 14.3;
				MTL_ENABLE_DEBUG_INFO = NO;
				MTL_FAST_MATH = YES;
				SDKROOT = iphoneos;
				SWIFT_COMPILATION_MODE = wholemodule;
				SWIFT_OPTIMIZATION_LEVEL = "-O";
				VALIDATE_PRODUCT = YES;
			};
			name = Release;
		};
		5F76F145261F7F5000E8631D /* Debug */ = {
			isa = XCBuildConfiguration;
			buildSettings = {
				ASSETCATALOG_COMPILER_APPICON_NAME = AppIcon;
				ASSETCATALOG_COMPILER_GLOBAL_ACCENT_COLOR_NAME = AccentColor;
				CODE_SIGN_STYLE = Automatic;
				INFOPLIST_FILE = "Covid Tracker/Info.plist";
				LD_RUNPATH_SEARCH_PATHS = (
					"$(inherited)",
					"@executable_path/Frameworks",
				);
				PRODUCT_BUNDLE_IDENTIFIER = "com.minchevski.Covid-Tracker";
				PRODUCT_NAME = "$(TARGET_NAME)";
				SWIFT_VERSION = 5.0;
				TARGETED_DEVICE_FAMILY = 1;
			};
			name = Debug;
		};
		5F76F146261F7F5000E8631D /* Release */ = {
			isa = XCBuildConfiguration;
			buildSettings = {
				ASSETCATALOG_COMPILER_APPICON_NAME = AppIcon;
				ASSETCATALOG_COMPILER_GLOBAL_ACCENT_COLOR_NAME = AccentColor;
				CODE_SIGN_STYLE = Automatic;
				INFOPLIST_FILE = "Covid Tracker/Info.plist";
				LD_RUNPATH_SEARCH_PATHS = (
					"$(inherited)",
					"@executable_path/Frameworks",
				);
				PRODUCT_BUNDLE_IDENTIFIER = "com.minchevski.Covid-Tracker";
				PRODUCT_NAME = "$(TARGET_NAME)";
				SWIFT_VERSION = 5.0;
				TARGETED_DEVICE_FAMILY = 1;
			};
			name = Release;
		};
/* End XCBuildConfiguration section */

/* Begin XCConfigurationList section */
		5F76F12B261F7F4E00E8631D /* Build configuration list for PBXProject "Covid Tracker" */ = {
			isa = XCConfigurationList;
			buildConfigurations = (
				5F76F142261F7F5000E8631D /* Debug */,
				5F76F143261F7F5000E8631D /* Release */,
			);
			defaultConfigurationIsVisible = 0;
			defaultConfigurationName = Release;
		};
		5F76F144261F7F5000E8631D /* Build configuration list for PBXNativeTarget "Covid Tracker" */ = {
			isa = XCConfigurationList;
			buildConfigurations = (
				5F76F145261F7F5000E8631D /* Debug */,
				5F76F146261F7F5000E8631D /* Release */,
			);
			defaultConfigurationIsVisible = 0;
			defaultConfigurationName = Release;
		};
/* End XCConfigurationList section */

/* Begin XCRemoteSwiftPackageReference section */
		5F5000182620C962006333ED /* XCRemoteSwiftPackageReference "JGProgressHUD" */ = {
			isa = XCRemoteSwiftPackageReference;
			repositoryURL = "https://github.com/JonasGessner/JGProgressHUD.git";
			requirement = {
				kind = upToNextMajorVersion;
				minimumVersion = 2.2.0;
			};
		};
		5F76F14A261F823200E8631D /* XCRemoteSwiftPackageReference "Alamofire" */ = {
			isa = XCRemoteSwiftPackageReference;
			repositoryURL = "https://github.com/Alamofire/Alamofire.git";
			requirement = {
				kind = upToNextMajorVersion;
				minimumVersion = 5.4.2;
			};
		};
		5F76F14E261F826000E8631D /* XCRemoteSwiftPackageReference "SnapKit" */ = {
			isa = XCRemoteSwiftPackageReference;
			repositoryURL = "https://github.com/SnapKit/SnapKit.git";
			requirement = {
				kind = upToNextMajorVersion;
				minimumVersion = 5.0.1;
			};
		};
/* End XCRemoteSwiftPackageReference section */

/* Begin XCSwiftPackageProductDependency section */
		5F5000192620C962006333ED /* JGProgressHUD */ = {
			isa = XCSwiftPackageProductDependency;
			package = 5F5000182620C962006333ED /* XCRemoteSwiftPackageReference "JGProgressHUD" */;
			productName = JGProgressHUD;
		};
		5F76F14B261F823200E8631D /* Alamofire */ = {
			isa = XCSwiftPackageProductDependency;
			package = 5F76F14A261F823200E8631D /* XCRemoteSwiftPackageReference "Alamofire" */;
			productName = Alamofire;
		};
		5F76F14F261F826000E8631D /* SnapKit */ = {
			isa = XCSwiftPackageProductDependency;
			package = 5F76F14E261F826000E8631D /* XCRemoteSwiftPackageReference "SnapKit" */;
			productName = SnapKit;
		};
/* End XCSwiftPackageProductDependency section */
	};
	rootObject = 5F76F128261F7F4E00E8631D /* Project object */;
}
